
Microsoft Visual Studio Solution File, Format Version 12.00
# Visual Studio Version 17
VisualStudioVersion = 17.11.35219.272
MinimumVisualStudioVersion = 10.0.40219.1
Project("{FAE04EC0-301F-11D3-BF4B-00C04F79EFBC}") = "EDiary", "EDiary\EDiary.csproj", "{A0F51C74-FA38-4CB9-9AA3-6B65464CACDA}"
EndProject
Global
	GlobalSection(SolutionConfigurationPlatforms) = preSolution
		Debug|Any CPU = Debug|Any CPU
		Release|Any CPU = Release|Any CPU
	EndGlobalSection
	GlobalSection(ProjectConfigurationPlatforms) = postSolution
		{A0F51C74-FA38-4CB9-9AA3-6B65464CACDA}.Debug|Any CPU.ActiveCfg = Debug|Any CPU
		{A0F51C74-FA38-4CB9-9AA3-6B65464CACDA}.Debug|Any CPU.Build.0 = Debug|Any CPU
		{A0F51C74-FA38-4CB9-9AA3-6B65464CACDA}.Release|Any CPU.ActiveCfg = Release|Any CPU
		{A0F51C74-FA38-4CB9-9AA3-6B65464CACDA}.Release|Any CPU.Build.0 = Release|Any CPU
	EndGlobalSection
	GlobalSection(SolutionProperties) = preSolution
		HideSolutionNode = FALSE
	EndGlobalSection
	GlobalSection(ExtensibilityGlobals) = postSolution
		SolutionGuid = {E5E633AB-71E7-4A1B-BABA-FB2C095DC051}
	EndGlobalSection
EndGlobal
